
Microsoft Visual Studio Solution File, Format Version 12.00
# Visual Studio Version 16
VisualStudioVersion = 16.0.32002.261
MinimumVisualStudioVersion = 10.0.40219.1
Project("{FAE04EC0-301F-11D3-BF4B-00C04F79EFBC}") = "httpClient", "httpClient\httpClient.csproj", "{E09EF801-7143-44DD-9044-04913927B4BF}"
EndProject
Global
	GlobalSection(SolutionConfigurationPlatforms) = preSolution
		Debug|Any CPU = Debug|Any CPU
		Release|Any CPU = Release|Any CPU
	EndGlobalSection
	GlobalSection(ProjectConfigurationPlatforms) = postSolution
		{E09EF801-7143-44DD-9044-04913927B4BF}.Debug|Any CPU.ActiveCfg = Debug|Any CPU
		{E09EF801-7143-44DD-9044-04913927B4BF}.Debug|Any CPU.Build.0 = Debug|Any CPU
		{E09EF801-7143-44DD-9044-04913927B4BF}.Release|Any CPU.ActiveCfg = Release|Any CPU
		{E09EF801-7143-44DD-9044-04913927B4BF}.Release|Any CPU.Build.0 = Release|Any CPU
	EndGlobalSection
	GlobalSection(SolutionProperties) = preSolution
		HideSolutionNode = FALSE
	EndGlobalSection
	GlobalSection(ExtensibilityGlobals) = postSolution
		SolutionGuid = {02412C5B-F98C-4B1E-B745-1334BEC62F79}
	EndGlobalSection
EndGlobal
