
Microsoft Visual Studio Solution File, Format Version 12.00
# Visual Studio Version 16
VisualStudioVersion = 16.0.32407.337
MinimumVisualStudioVersion = 10.0.40219.1
Project("{FAE04EC0-301F-11D3-BF4B-00C04F79EFBC}") = "hello-asp-1", "hello-asp-1\hello-asp-1.csproj", "{23BDF7C7-1E9C-43CA-B2AA-278B0CED51EA}"
EndProject
Global
	GlobalSection(SolutionConfigurationPlatforms) = preSolution
		Debug|Any CPU = Debug|Any CPU
		Release|Any CPU = Release|Any CPU
	EndGlobalSection
	GlobalSection(ProjectConfigurationPlatforms) = postSolution
		{23BDF7C7-1E9C-43CA-B2AA-278B0CED51EA}.Debug|Any CPU.ActiveCfg = Debug|Any CPU
		{23BDF7C7-1E9C-43CA-B2AA-278B0CED51EA}.Debug|Any CPU.Build.0 = Debug|Any CPU
		{23BDF7C7-1E9C-43CA-B2AA-278B0CED51EA}.Release|Any CPU.ActiveCfg = Release|Any CPU
		{23BDF7C7-1E9C-43CA-B2AA-278B0CED51EA}.Release|Any CPU.Build.0 = Release|Any CPU
	EndGlobalSection
	GlobalSection(SolutionProperties) = preSolution
		HideSolutionNode = FALSE
	EndGlobalSection
	GlobalSection(ExtensibilityGlobals) = postSolution
		SolutionGuid = {226DEF09-E20C-449A-A3AA-02A943FA2CF0}
	EndGlobalSection
EndGlobal
