
Microsoft Visual Studio Solution File, Format Version 12.00
# Visual Studio Version 16
VisualStudioVersion = 16.0.31321.278
MinimumVisualStudioVersion = 10.0.40219.1
Project("{FAE04EC0-301F-11D3-BF4B-00C04F79EFBC}") = "WindowsFormsApp1", "WindowsFormsApp1\WindowsFormsApp1.csproj", "{6C4B1495-1B1D-4B3D-8F2E-7E3288883284}"
EndProject
Global
	GlobalSection(SolutionConfigurationPlatforms) = preSolution
		Debug|Any CPU = Debug|Any CPU
		Release|Any CPU = Release|Any CPU
	EndGlobalSection
	GlobalSection(ProjectConfigurationPlatforms) = postSolution
		{6C4B1495-1B1D-4B3D-8F2E-7E3288883284}.Debug|Any CPU.ActiveCfg = Debug|Any CPU
		{6C4B1495-1B1D-4B3D-8F2E-7E3288883284}.Debug|Any CPU.Build.0 = Debug|Any CPU
		{6C4B1495-1B1D-4B3D-8F2E-7E3288883284}.Release|Any CPU.ActiveCfg = Release|Any CPU
		{6C4B1495-1B1D-4B3D-8F2E-7E3288883284}.Release|Any CPU.Build.0 = Release|Any CPU
	EndGlobalSection
	GlobalSection(SolutionProperties) = preSolution
		HideSolutionNode = FALSE
	EndGlobalSection
	GlobalSection(ExtensibilityGlobals) = postSolution
		SolutionGuid = {119FE258-8252-459C-8FC6-D97A8267E931}
	EndGlobalSection
EndGlobal
