
Microsoft Visual Studio Solution File, Format Version 12.00
# Visual Studio Version 16
VisualStudioVersion = 16.0.32002.261
MinimumVisualStudioVersion = 10.0.40219.1
Project("{FAE04EC0-301F-11D3-BF4B-00C04F79EFBC}") = "sqlConnection", "sqlConnection\sqlConnection.csproj", "{AE436209-CAB5-482A-BC8A-8CBA9BE09C33}"
EndProject
Global
	GlobalSection(SolutionConfigurationPlatforms) = preSolution
		Debug|Any CPU = Debug|Any CPU
		Release|Any CPU = Release|Any CPU
	EndGlobalSection
	GlobalSection(ProjectConfigurationPlatforms) = postSolution
		{AE436209-CAB5-482A-BC8A-8CBA9BE09C33}.Debug|Any CPU.ActiveCfg = Debug|Any CPU
		{AE436209-CAB5-482A-BC8A-8CBA9BE09C33}.Debug|Any CPU.Build.0 = Debug|Any CPU
		{AE436209-CAB5-482A-BC8A-8CBA9BE09C33}.Release|Any CPU.ActiveCfg = Release|Any CPU
		{AE436209-CAB5-482A-BC8A-8CBA9BE09C33}.Release|Any CPU.Build.0 = Release|Any CPU
	EndGlobalSection
	GlobalSection(SolutionProperties) = preSolution
		HideSolutionNode = FALSE
	EndGlobalSection
	GlobalSection(ExtensibilityGlobals) = postSolution
		SolutionGuid = {5CCCA0C8-759A-4748-8E0C-1002A6EB03CA}
	EndGlobalSection
EndGlobal
