
Microsoft Visual Studio Solution File, Format Version 12.00
# Visual Studio Version 16
VisualStudioVersion = 16.0.32106.194
MinimumVisualStudioVersion = 10.0.40219.1
Project("{FAE04EC0-301F-11D3-BF4B-00C04F79EFBC}") = "ef_lab1", "ef_lab1\ef_lab1.csproj", "{3340D7B7-045B-42E8-B990-BF28E5B2EA9C}"
EndProject
Global
	GlobalSection(SolutionConfigurationPlatforms) = preSolution
		Debug|Any CPU = Debug|Any CPU
		Release|Any CPU = Release|Any CPU
	EndGlobalSection
	GlobalSection(ProjectConfigurationPlatforms) = postSolution
		{3340D7B7-045B-42E8-B990-BF28E5B2EA9C}.Debug|Any CPU.ActiveCfg = Debug|Any CPU
		{3340D7B7-045B-42E8-B990-BF28E5B2EA9C}.Debug|Any CPU.Build.0 = Debug|Any CPU
		{3340D7B7-045B-42E8-B990-BF28E5B2EA9C}.Release|Any CPU.ActiveCfg = Release|Any CPU
		{3340D7B7-045B-42E8-B990-BF28E5B2EA9C}.Release|Any CPU.Build.0 = Release|Any CPU
	EndGlobalSection
	GlobalSection(SolutionProperties) = preSolution
		HideSolutionNode = FALSE
	EndGlobalSection
	GlobalSection(ExtensibilityGlobals) = postSolution
		SolutionGuid = {EE643DDC-893E-4698-9CF0-76607F0FD609}
	EndGlobalSection
EndGlobal
