
Microsoft Visual Studio Solution File, Format Version 12.00
# Visual Studio Version 16
VisualStudioVersion = 16.0.32002.261
MinimumVisualStudioVersion = 10.0.40219.1
Project("{FAE04EC0-301F-11D3-BF4B-00C04F79EFBC}") = "Type", "Type\Type.csproj", "{78E76607-1BE1-4A49-B074-74A16D01FFD3}"
EndProject
Global
	GlobalSection(SolutionConfigurationPlatforms) = preSolution
		Debug|Any CPU = Debug|Any CPU
		Release|Any CPU = Release|Any CPU
	EndGlobalSection
	GlobalSection(ProjectConfigurationPlatforms) = postSolution
		{78E76607-1BE1-4A49-B074-74A16D01FFD3}.Debug|Any CPU.ActiveCfg = Debug|Any CPU
		{78E76607-1BE1-4A49-B074-74A16D01FFD3}.Debug|Any CPU.Build.0 = Debug|Any CPU
		{78E76607-1BE1-4A49-B074-74A16D01FFD3}.Release|Any CPU.ActiveCfg = Release|Any CPU
		{78E76607-1BE1-4A49-B074-74A16D01FFD3}.Release|Any CPU.Build.0 = Release|Any CPU
	EndGlobalSection
	GlobalSection(SolutionProperties) = preSolution
		HideSolutionNode = FALSE
	EndGlobalSection
	GlobalSection(ExtensibilityGlobals) = postSolution
		SolutionGuid = {26F3CEEC-2FB1-4456-B6B4-6D940F7C645B}
	EndGlobalSection
EndGlobal
