
Microsoft Visual Studio Solution File, Format Version 12.00
# Visual Studio Version 16
VisualStudioVersion = 16.0.31702.278
MinimumVisualStudioVersion = 10.0.40219.1
Project("{FAE04EC0-301F-11D3-BF4B-00C04F79EFBC}") = "OnlineShop", "OnlineShop\OnlineShop.csproj", "{2CE057B4-254B-4FF9-A2E6-80D7C29CB529}"
EndProject
Project("{FAE04EC0-301F-11D3-BF4B-00C04F79EFBC}") = "OnlineShop.Tests", "OnlineShop.Tests\OnlineShop.Tests.csproj", "{C6A92E07-BF7C-4625-A105-03C8673D2DE0}"
EndProject
Global
	GlobalSection(SolutionConfigurationPlatforms) = preSolution
		Debug|Any CPU = Debug|Any CPU
		Release|Any CPU = Release|Any CPU
	EndGlobalSection
	GlobalSection(ProjectConfigurationPlatforms) = postSolution
		{2CE057B4-254B-4FF9-A2E6-80D7C29CB529}.Debug|Any CPU.ActiveCfg = Debug|Any CPU
		{2CE057B4-254B-4FF9-A2E6-80D7C29CB529}.Debug|Any CPU.Build.0 = Debug|Any CPU
		{2CE057B4-254B-4FF9-A2E6-80D7C29CB529}.Release|Any CPU.ActiveCfg = Release|Any CPU
		{2CE057B4-254B-4FF9-A2E6-80D7C29CB529}.Release|Any CPU.Build.0 = Release|Any CPU
		{C6A92E07-BF7C-4625-A105-03C8673D2DE0}.Debug|Any CPU.ActiveCfg = Debug|Any CPU
		{C6A92E07-BF7C-4625-A105-03C8673D2DE0}.Debug|Any CPU.Build.0 = Debug|Any CPU
		{C6A92E07-BF7C-4625-A105-03C8673D2DE0}.Release|Any CPU.ActiveCfg = Release|Any CPU
		{C6A92E07-BF7C-4625-A105-03C8673D2DE0}.Release|Any CPU.Build.0 = Release|Any CPU
	EndGlobalSection
	GlobalSection(SolutionProperties) = preSolution
		HideSolutionNode = FALSE
	EndGlobalSection
	GlobalSection(ExtensibilityGlobals) = postSolution
		SolutionGuid = {7337057A-E9A6-4C76-8628-3C347127EB3B}
	EndGlobalSection
EndGlobal
